
Microsoft Visual Studio Solution File, Format Version 12.00
# Visual Studio 15
VisualStudioVersion = 15.0.26430.16
MinimumVisualStudioVersion = 10.0.40219.1
Project("{FAE04EC0-301F-11D3-BF4B-00C04F79EFBC}") = "MACE", "MACE\MACE.csproj", "{0DDD139E-99FE-4F17-A7EE-62FEDBBF6E21}"
EndProject
Project("{FAE04EC0-301F-11D3-BF4B-00C04F79EFBC}") = "MACE.Tests", "MACE.Tests\MACE.Tests.csproj", "{B8C221AE-1EF1-4498-937D-4532EB74A42D}"
EndProject
Global
	GlobalSection(SolutionConfigurationPlatforms) = preSolution
		Debug|Any CPU = Debug|Any CPU
		Debug|x64 = Debug|x64
		Debug|x86 = Debug|x86
		Release|Any CPU = Release|Any CPU
		Release|x64 = Release|x64
		Release|x86 = Release|x86
	EndGlobalSection
	GlobalSection(ProjectConfigurationPlatforms) = postSolution
		{0DDD139E-99FE-4F17-A7EE-62FEDBBF6E21}.Debug|Any CPU.ActiveCfg = Debug|Any CPU
		{0DDD139E-99FE-4F17-A7EE-62FEDBBF6E21}.Debug|Any CPU.Build.0 = Debug|Any CPU
		{0DDD139E-99FE-4F17-A7EE-62FEDBBF6E21}.Debug|x64.ActiveCfg = Debug|Any CPU
		{0DDD139E-99FE-4F17-A7EE-62FEDBBF6E21}.Debug|x64.Build.0 = Debug|Any CPU
		{0DDD139E-99FE-4F17-A7EE-62FEDBBF6E21}.Debug|x86.ActiveCfg = Debug|Any CPU
		{0DDD139E-99FE-4F17-A7EE-62FEDBBF6E21}.Debug|x86.Build.0 = Debug|Any CPU
		{0DDD139E-99FE-4F17-A7EE-62FEDBBF6E21}.Release|Any CPU.ActiveCfg = Release|Any CPU
		{0DDD139E-99FE-4F17-A7EE-62FEDBBF6E21}.Release|Any CPU.Build.0 = Release|Any CPU
		{0DDD139E-99FE-4F17-A7EE-62FEDBBF6E21}.Release|x64.ActiveCfg = Release|Any CPU
		{0DDD139E-99FE-4F17-A7EE-62FEDBBF6E21}.Release|x64.Build.0 = Release|Any CPU
		{0DDD139E-99FE-4F17-A7EE-62FEDBBF6E21}.Release|x86.ActiveCfg = Release|Any CPU
		{0DDD139E-99FE-4F17-A7EE-62FEDBBF6E21}.Release|x86.Build.0 = Release|Any CPU
		{B8C221AE-1EF1-4498-937D-4532EB74A42D}.Debug|Any CPU.ActiveCfg = Debug|Any CPU
		{B8C221AE-1EF1-4498-937D-4532EB74A42D}.Debug|Any CPU.Build.0 = Debug|Any CPU
		{B8C221AE-1EF1-4498-937D-4532EB74A42D}.Debug|x64.ActiveCfg = Debug|Any CPU
		{B8C221AE-1EF1-4498-937D-4532EB74A42D}.Debug|x64.Build.0 = Debug|Any CPU
		{B8C221AE-1EF1-4498-937D-4532EB74A42D}.Debug|x86.ActiveCfg = Debug|Any CPU
		{B8C221AE-1EF1-4498-937D-4532EB74A42D}.Debug|x86.Build.0 = Debug|Any CPU
		{B8C221AE-1EF1-4498-937D-4532EB74A42D}.Release|Any CPU.ActiveCfg = Release|Any CPU
		{B8C221AE-1EF1-4498-937D-4532EB74A42D}.Release|Any CPU.Build.0 = Release|Any CPU
		{B8C221AE-1EF1-4498-937D-4532EB74A42D}.Release|x64.ActiveCfg = Release|Any CPU
		{B8C221AE-1EF1-4498-937D-4532EB74A42D}.Release|x64.Build.0 = Release|Any CPU
		{B8C221AE-1EF1-4498-937D-4532EB74A42D}.Release|x86.ActiveCfg = Release|Any CPU
		{B8C221AE-1EF1-4498-937D-4532EB74A42D}.Release|x86.Build.0 = Release|Any CPU
	EndGlobalSection
	GlobalSection(SolutionProperties) = preSolution
		HideSolutionNode = FALSE
	EndGlobalSection
EndGlobal
